// !$*UTF8*$!
{
	archiveVersion = 1;
	classes = {
	};
	objectVersion = 46;
	objects = {

/* Begin PBXBuildFile section */
		754BFB38D41DFA57BACE5C8F /* libPods-Async.a in Frameworks */ = {isa = PBXBuildFile; fileRef = AD0014685AC1160BDF00B7A7 /* libPods-Async.a */; };
		8F0E7E2D1BB7281B00780E05 /* asNetworking.swift in Sources */ = {isa = PBXBuildFile; fileRef = 8F0E7E2C1BB7281B00780E05 /* asNetworking.swift */; settings = {ASSET_TAGS = (); }; };
		8F45A43D1BB7C4E800AB17F8 /* extensions.swift in Sources */ = {isa = PBXBuildFile; fileRef = 8F45A43C1BB7C4E800AB17F8 /* extensions.swift */; settings = {ASSET_TAGS = (); }; };
		8FC4720C1BB6478F00B85D3B /* asModeSelection.swift in Sources */ = {isa = PBXBuildFile; fileRef = 8FC4720B1BB6478F00B85D3B /* asModeSelection.swift */; settings = {ASSET_TAGS = (); }; };
		8FC4720E1BB6512300B85D3B /* asIdeaDescription.swift in Sources */ = {isa = PBXBuildFile; fileRef = 8FC4720D1BB6512300B85D3B /* asIdeaDescription.swift */; settings = {ASSET_TAGS = (); }; };
		8FCE18F61BB75EC700992FAF /* asSettingsViewController.swift in Sources */ = {isa = PBXBuildFile; fileRef = 8FCE18F51BB75EC700992FAF /* asSettingsViewController.swift */; settings = {ASSET_TAGS = (); }; };
		8FCE18F81BB75EED00992FAF /* asChatViewController.swift in Sources */ = {isa = PBXBuildFile; fileRef = 8FCE18F71BB75EED00992FAF /* asChatViewController.swift */; settings = {ASSET_TAGS = (); }; };
		A828B4661BB631A600A80BEF /* AppDelegate.swift in Sources */ = {isa = PBXBuildFile; fileRef = A828B4651BB631A600A80BEF /* AppDelegate.swift */; };
		A828B4681BB631A600A80BEF /* asHackSelection.swift in Sources */ = {isa = PBXBuildFile; fileRef = A828B4671BB631A600A80BEF /* asHackSelection.swift */; };
		A828B46B1BB631A600A80BEF /* Main.storyboard in Resources */ = {isa = PBXBuildFile; fileRef = A828B4691BB631A600A80BEF /* Main.storyboard */; };
		A828B46D1BB631A600A80BEF /* Assets.xcassets in Resources */ = {isa = PBXBuildFile; fileRef = A828B46C1BB631A600A80BEF /* Assets.xcassets */; };
		A828B4701BB631A600A80BEF /* LaunchScreen.storyboard in Resources */ = {isa = PBXBuildFile; fileRef = A828B46E1BB631A600A80BEF /* LaunchScreen.storyboard */; };
		A828B47B1BB631A600A80BEF /* AsyncTests.swift in Sources */ = {isa = PBXBuildFile; fileRef = A828B47A1BB631A600A80BEF /* AsyncTests.swift */; };
		A828B4861BB631A600A80BEF /* AsyncUITests.swift in Sources */ = {isa = PBXBuildFile; fileRef = A828B4851BB631A600A80BEF /* AsyncUITests.swift */; };
		A828B4941BB6335500A80BEF /* asLogin.swift in Sources */ = {isa = PBXBuildFile; fileRef = A828B4931BB6335500A80BEF /* asLogin.swift */; settings = {ASSET_TAGS = (); }; };
		A828B4961BB63EA600A80BEF /* asHackCell.swift in Sources */ = {isa = PBXBuildFile; fileRef = A828B4951BB63EA600A80BEF /* asHackCell.swift */; settings = {ASSET_TAGS = (); }; };
		A828B49C1BB671FB00A80BEF /* DraggableView.swift in Sources */ = {isa = PBXBuildFile; fileRef = A828B4981BB671FB00A80BEF /* DraggableView.swift */; settings = {ASSET_TAGS = (); }; };
		A828B49D1BB671FB00A80BEF /* DraggableViewBackground.swift in Sources */ = {isa = PBXBuildFile; fileRef = A828B4991BB671FB00A80BEF /* DraggableViewBackground.swift */; settings = {ASSET_TAGS = (); }; };
		A828B49E1BB671FB00A80BEF /* OverlayView.swift in Sources */ = {isa = PBXBuildFile; fileRef = A828B49A1BB671FB00A80BEF /* OverlayView.swift */; settings = {ASSET_TAGS = (); }; };
		A828B49F1BB671FB00A80BEF /* asSwipeViewController.swift in Sources */ = {isa = PBXBuildFile; fileRef = A828B49B1BB671FB00A80BEF /* asSwipeViewController.swift */; settings = {ASSET_TAGS = (); }; };
		A89288781BB7551C004B7D87 /* SwiftyJSON.swift in Sources */ = {isa = PBXBuildFile; fileRef = A89288771BB7551C004B7D87 /* SwiftyJSON.swift */; settings = {ASSET_TAGS = (); }; };
/* End PBXBuildFile section */

/* Begin PBXContainerItemProxy section */
		A828B4771BB631A600A80BEF /* PBXContainerItemProxy */ = {
			isa = PBXContainerItemProxy;
			containerPortal = A828B45A1BB631A600A80BEF /* Project object */;
			proxyType = 1;
			remoteGlobalIDString = A828B4611BB631A600A80BEF;
			remoteInfo = Async;
		};
		A828B4821BB631A600A80BEF /* PBXContainerItemProxy */ = {
			isa = PBXContainerItemProxy;
			containerPortal = A828B45A1BB631A600A80BEF /* Project object */;
			proxyType = 1;
			remoteGlobalIDString = A828B4611BB631A600A80BEF;
			remoteInfo = Async;
		};
/* End PBXContainerItemProxy section */

/* Begin PBXFileReference section */
		3398FF8BC5794B11A7706852 /* Pods-Async.release.xcconfig */ = {isa = PBXFileReference; includeInIndex = 1; lastKnownFileType = text.xcconfig; name = "Pods-Async.release.xcconfig"; path = "Pods/Target Support Files/Pods-Async/Pods-Async.release.xcconfig"; sourceTree = "<group>"; };
		6BAA67A46F828572E7D5AA95 /* Pods-Async.debug.xcconfig */ = {isa = PBXFileReference; includeInIndex = 1; lastKnownFileType = text.xcconfig; name = "Pods-Async.debug.xcconfig"; path = "Pods/Target Support Files/Pods-Async/Pods-Async.debug.xcconfig"; sourceTree = "<group>"; };
		8F0E7E2C1BB7281B00780E05 /* asNetworking.swift */ = {isa = PBXFileReference; fileEncoding = 4; lastKnownFileType = sourcecode.swift; path = asNetworking.swift; sourceTree = "<group>"; };
		8F0E7E301BB7286400780E05 /* Bridging-Header.h */ = {isa = PBXFileReference; lastKnownFileType = sourcecode.c.h; path = "Bridging-Header.h"; sourceTree = "<group>"; };
		8F45A43C1BB7C4E800AB17F8 /* extensions.swift */ = {isa = PBXFileReference; fileEncoding = 4; lastKnownFileType = sourcecode.swift; path = extensions.swift; sourceTree = "<group>"; };
		8FC4720B1BB6478F00B85D3B /* asModeSelection.swift */ = {isa = PBXFileReference; fileEncoding = 4; lastKnownFileType = sourcecode.swift; path = asModeSelection.swift; sourceTree = "<group>"; };
		8FC4720D1BB6512300B85D3B /* asIdeaDescription.swift */ = {isa = PBXFileReference; fileEncoding = 4; lastKnownFileType = sourcecode.swift; path = asIdeaDescription.swift; sourceTree = "<group>"; };
		8FCE18F51BB75EC700992FAF /* asSettingsViewController.swift */ = {isa = PBXFileReference; fileEncoding = 4; lastKnownFileType = sourcecode.swift; path = asSettingsViewController.swift; sourceTree = "<group>"; };
		8FCE18F71BB75EED00992FAF /* asChatViewController.swift */ = {isa = PBXFileReference; fileEncoding = 4; lastKnownFileType = sourcecode.swift; path = asChatViewController.swift; sourceTree = "<group>"; };
		A828B4621BB631A600A80BEF /* Async.app */ = {isa = PBXFileReference; explicitFileType = wrapper.application; includeInIndex = 0; path = Async.app; sourceTree = BUILT_PRODUCTS_DIR; };
		A828B4651BB631A600A80BEF /* AppDelegate.swift */ = {isa = PBXFileReference; lastKnownFileType = sourcecode.swift; path = AppDelegate.swift; sourceTree = "<group>"; };
		A828B4671BB631A600A80BEF /* asHackSelection.swift */ = {isa = PBXFileReference; lastKnownFileType = sourcecode.swift; path = asHackSelection.swift; sourceTree = "<group>"; };
		A828B46A1BB631A600A80BEF /* Base */ = {isa = PBXFileReference; lastKnownFileType = file.storyboard; name = Base; path = Base.lproj/Main.storyboard; sourceTree = "<group>"; };
		A828B46C1BB631A600A80BEF /* Assets.xcassets */ = {isa = PBXFileReference; lastKnownFileType = folder.assetcatalog; path = Assets.xcassets; sourceTree = "<group>"; };
		A828B46F1BB631A600A80BEF /* Base */ = {isa = PBXFileReference; lastKnownFileType = file.storyboard; name = Base; path = Base.lproj/LaunchScreen.storyboard; sourceTree = "<group>"; };
		A828B4711BB631A600A80BEF /* Info.plist */ = {isa = PBXFileReference; lastKnownFileType = text.plist.xml; path = Info.plist; sourceTree = "<group>"; };
		A828B4761BB631A600A80BEF /* AsyncTests.xctest */ = {isa = PBXFileReference; explicitFileType = wrapper.cfbundle; includeInIndex = 0; path = AsyncTests.xctest; sourceTree = BUILT_PRODUCTS_DIR; };
		A828B47A1BB631A600A80BEF /* AsyncTests.swift */ = {isa = PBXFileReference; lastKnownFileType = sourcecode.swift; path = AsyncTests.swift; sourceTree = "<group>"; };
		A828B47C1BB631A600A80BEF /* Info.plist */ = {isa = PBXFileReference; lastKnownFileType = text.plist.xml; path = Info.plist; sourceTree = "<group>"; };
		A828B4811BB631A600A80BEF /* AsyncUITests.xctest */ = {isa = PBXFileReference; explicitFileType = wrapper.cfbundle; includeInIndex = 0; path = AsyncUITests.xctest; sourceTree = BUILT_PRODUCTS_DIR; };
		A828B4851BB631A600A80BEF /* AsyncUITests.swift */ = {isa = PBXFileReference; lastKnownFileType = sourcecode.swift; path = AsyncUITests.swift; sourceTree = "<group>"; };
		A828B4871BB631A600A80BEF /* Info.plist */ = {isa = PBXFileReference; lastKnownFileType = text.plist.xml; path = Info.plist; sourceTree = "<group>"; };
		A828B4931BB6335500A80BEF /* asLogin.swift */ = {isa = PBXFileReference; fileEncoding = 4; lastKnownFileType = sourcecode.swift; path = asLogin.swift; sourceTree = "<group>"; };
		A828B4951BB63EA600A80BEF /* asHackCell.swift */ = {isa = PBXFileReference; fileEncoding = 4; lastKnownFileType = sourcecode.swift; path = asHackCell.swift; sourceTree = "<group>"; };
		A828B4981BB671FB00A80BEF /* DraggableView.swift */ = {isa = PBXFileReference; fileEncoding = 4; lastKnownFileType = sourcecode.swift; path = DraggableView.swift; sourceTree = "<group>"; };
		A828B4991BB671FB00A80BEF /* DraggableViewBackground.swift */ = {isa = PBXFileReference; fileEncoding = 4; lastKnownFileType = sourcecode.swift; path = DraggableViewBackground.swift; sourceTree = "<group>"; };
		A828B49A1BB671FB00A80BEF /* OverlayView.swift */ = {isa = PBXFileReference; fileEncoding = 4; lastKnownFileType = sourcecode.swift; path = OverlayView.swift; sourceTree = "<group>"; };
		A828B49B1BB671FB00A80BEF /* asSwipeViewController.swift */ = {isa = PBXFileReference; fileEncoding = 4; lastKnownFileType = sourcecode.swift; path = asSwipeViewController.swift; sourceTree = "<group>"; };
		A89288771BB7551C004B7D87 /* SwiftyJSON.swift */ = {isa = PBXFileReference; fileEncoding = 4; lastKnownFileType = sourcecode.swift; path = SwiftyJSON.swift; sourceTree = "<group>"; };
		AD0014685AC1160BDF00B7A7 /* libPods-Async.a */ = {isa = PBXFileReference; explicitFileType = archive.ar; includeInIndex = 0; path = "libPods-Async.a"; sourceTree = BUILT_PRODUCTS_DIR; };
/* End PBXFileReference section */

/* Begin PBXFrameworksBuildPhase section */
		A828B45F1BB631A600A80BEF /* Frameworks */ = {
			isa = PBXFrameworksBuildPhase;
			buildActionMask = 2147483647;
			files = (
				754BFB38D41DFA57BACE5C8F /* libPods-Async.a in Frameworks */,
			);
			runOnlyForDeploymentPostprocessing = 0;
		};
		A828B4731BB631A600A80BEF /* Frameworks */ = {
			isa = PBXFrameworksBuildPhase;
			buildActionMask = 2147483647;
			files = (
			);
			runOnlyForDeploymentPostprocessing = 0;
		};
		A828B47E1BB631A600A80BEF /* Frameworks */ = {
			isa = PBXFrameworksBuildPhase;
			buildActionMask = 2147483647;
			files = (
			);
			runOnlyForDeploymentPostprocessing = 0;
		};
/* End PBXFrameworksBuildPhase section */

/* Begin PBXGroup section */
		88ED7E0A4FF9725CE660C827 /* Pods */ = {
			isa = PBXGroup;
			children = (
				6BAA67A46F828572E7D5AA95 /* Pods-Async.debug.xcconfig */,
				3398FF8BC5794B11A7706852 /* Pods-Async.release.xcconfig */,
			);
			name = Pods;
			sourceTree = "<group>";
		};
		8F0E7E2B1BB7280F00780E05 /* Networking */ = {
			isa = PBXGroup;
			children = (
				8F0E7E2C1BB7281B00780E05 /* asNetworking.swift */,
			);
			name = Networking;
			sourceTree = "<group>";
		};
		A828B4591BB631A600A80BEF = {
			isa = PBXGroup;
			children = (
				A828B4641BB631A600A80BEF /* Async */,
				A828B4791BB631A600A80BEF /* AsyncTests */,
				A828B4841BB631A600A80BEF /* AsyncUITests */,
				A828B4631BB631A600A80BEF /* Products */,
				88ED7E0A4FF9725CE660C827 /* Pods */,
				EA1AF4DC6061BEAC34A9F29A /* Frameworks */,
			);
			sourceTree = "<group>";
		};
		A828B4631BB631A600A80BEF /* Products */ = {
			isa = PBXGroup;
			children = (
				A828B4621BB631A600A80BEF /* Async.app */,
				A828B4761BB631A600A80BEF /* AsyncTests.xctest */,
				A828B4811BB631A600A80BEF /* AsyncUITests.xctest */,
			);
			name = Products;
			sourceTree = "<group>";
		};
		A828B4641BB631A600A80BEF /* Async */ = {
			isa = PBXGroup;
			children = (
				8F0E7E2B1BB7280F00780E05 /* Networking */,
				A828B4691BB631A600A80BEF /* Main.storyboard */,
				A828B4651BB631A600A80BEF /* AppDelegate.swift */,
				8FC4720D1BB6512300B85D3B /* asIdeaDescription.swift */,
				8FC4720B1BB6478F00B85D3B /* asModeSelection.swift */,
				A828B4671BB631A600A80BEF /* asHackSelection.swift */,
				A828B4951BB63EA600A80BEF /* asHackCell.swift */,
				A828B4931BB6335500A80BEF /* asLogin.swift */,
				8FCE18F51BB75EC700992FAF /* asSettingsViewController.swift */,
				8FCE18F71BB75EED00992FAF /* asChatViewController.swift */,
				A828B4971BB671C800A80BEF /* asSwipeView */,
				A828B46C1BB631A600A80BEF /* Assets.xcassets */,
				A828B46E1BB631A600A80BEF /* LaunchScreen.storyboard */,
				A828B4711BB631A600A80BEF /* Info.plist */,
				8F0E7E301BB7286400780E05 /* Bridging-Header.h */,
				8F45A43C1BB7C4E800AB17F8 /* extensions.swift */,
			);
			path = Async;
			sourceTree = "<group>";
		};
		A828B4791BB631A600A80BEF /* AsyncTests */ = {
			isa = PBXGroup;
			children = (
				A828B47A1BB631A600A80BEF /* AsyncTests.swift */,
				A828B47C1BB631A600A80BEF /* Info.plist */,
			);
			path = AsyncTests;
			sourceTree = "<group>";
		};
		A828B4841BB631A600A80BEF /* AsyncUITests */ = {
			isa = PBXGroup;
			children = (
				A828B4851BB631A600A80BEF /* AsyncUITests.swift */,
				A828B4871BB631A600A80BEF /* Info.plist */,
			);
			path = AsyncUITests;
			sourceTree = "<group>";
		};
		A828B4971BB671C800A80BEF /* asSwipeView */ = {
			isa = PBXGroup;
			children = (
				A828B49B1BB671FB00A80BEF /* asSwipeViewController.swift */,
				A828B4981BB671FB00A80BEF /* DraggableView.swift */,
				A828B4991BB671FB00A80BEF /* DraggableViewBackground.swift */,
				A828B49A1BB671FB00A80BEF /* OverlayView.swift */,
			);
			name = asSwipeView;
			sourceTree = "<group>";
		};
		EA1AF4DC6061BEAC34A9F29A /* Frameworks */ = {
			isa = PBXGroup;
			children = (
				AD0014685AC1160BDF00B7A7 /* libPods-Async.a */,
				A89288771BB7551C004B7D87 /* SwiftyJSON.swift */,
			);
			name = Frameworks;
			sourceTree = "<group>";
		};
/* End PBXGroup section */

/* Begin PBXNativeTarget section */
		A828B4611BB631A600A80BEF /* Async */ = {
			isa = PBXNativeTarget;
			buildConfigurationList = A828B48A1BB631A600A80BEF /* Build configuration list for PBXNativeTarget "Async" */;
			buildPhases = (
				D0A6F13A602F84F4AD94E6F7 /* Check Pods Manifest.lock */,
				A828B45E1BB631A600A80BEF /* Sources */,
				A828B45F1BB631A600A80BEF /* Frameworks */,
				A828B4601BB631A600A80BEF /* Resources */,
				4F1608BB91D722CCACDDBE4B /* Copy Pods Resources */,
			);
			buildRules = (
			);
			dependencies = (
			);
			name = Async;
			productName = Async;
			productReference = A828B4621BB631A600A80BEF /* Async.app */;
			productType = "com.apple.product-type.application";
		};
		A828B4751BB631A600A80BEF /* AsyncTests */ = {
			isa = PBXNativeTarget;
			buildConfigurationList = A828B48D1BB631A600A80BEF /* Build configuration list for PBXNativeTarget "AsyncTests" */;
			buildPhases = (
				A828B4721BB631A600A80BEF /* Sources */,
				A828B4731BB631A600A80BEF /* Frameworks */,
				A828B4741BB631A600A80BEF /* Resources */,
			);
			buildRules = (
			);
			dependencies = (
				A828B4781BB631A600A80BEF /* PBXTargetDependency */,
			);
			name = AsyncTests;
			productName = AsyncTests;
			productReference = A828B4761BB631A600A80BEF /* AsyncTests.xctest */;
			productType = "com.apple.product-type.bundle.unit-test";
		};
		A828B4801BB631A600A80BEF /* AsyncUITests */ = {
			isa = PBXNativeTarget;
			buildConfigurationList = A828B4901BB631A600A80BEF /* Build configuration list for PBXNativeTarget "AsyncUITests" */;
			buildPhases = (
				A828B47D1BB631A600A80BEF /* Sources */,
				A828B47E1BB631A600A80BEF /* Frameworks */,
				A828B47F1BB631A600A80BEF /* Resources */,
			);
			buildRules = (
			);
			dependencies = (
				A828B4831BB631A600A80BEF /* PBXTargetDependency */,
			);
			name = AsyncUITests;
			productName = AsyncUITests;
			productReference = A828B4811BB631A600A80BEF /* AsyncUITests.xctest */;
			productType = "com.apple.product-type.bundle.ui-testing";
		};
/* End PBXNativeTarget section */

/* Begin PBXProject section */
		A828B45A1BB631A600A80BEF /* Project object */ = {
			isa = PBXProject;
			attributes = {
				LastUpgradeCheck = 0700;
				ORGANIZATIONNAME = HAM;
				TargetAttributes = {
					A828B4611BB631A600A80BEF = {
						CreatedOnToolsVersion = 7.0;
						DevelopmentTeam = N5N4Y7654F;
					};
					A828B4751BB631A600A80BEF = {
						CreatedOnToolsVersion = 7.0;
						DevelopmentTeam = GDB3SZ2MTH;
						TestTargetID = A828B4611BB631A600A80BEF;
					};
					A828B4801BB631A600A80BEF = {
						CreatedOnToolsVersion = 7.0;
						DevelopmentTeam = GDB3SZ2MTH;
						TestTargetID = A828B4611BB631A600A80BEF;
					};
				};
			};
			buildConfigurationList = A828B45D1BB631A600A80BEF /* Build configuration list for PBXProject "Async" */;
			compatibilityVersion = "Xcode 3.2";
			developmentRegion = English;
			hasScannedForEncodings = 0;
			knownRegions = (
				en,
				Base,
			);
			mainGroup = A828B4591BB631A600A80BEF;
			productRefGroup = A828B4631BB631A600A80BEF /* Products */;
			projectDirPath = "";
			projectRoot = "";
			targets = (
				A828B4611BB631A600A80BEF /* Async */,
				A828B4751BB631A600A80BEF /* AsyncTests */,
				A828B4801BB631A600A80BEF /* AsyncUITests */,
			);
		};
/* End PBXProject section */

/* Begin PBXResourcesBuildPhase section */
		A828B4601BB631A600A80BEF /* Resources */ = {
			isa = PBXResourcesBuildPhase;
			buildActionMask = 2147483647;
			files = (
				A828B4701BB631A600A80BEF /* LaunchScreen.storyboard in Resources */,
				A828B46D1BB631A600A80BEF /* Assets.xcassets in Resources */,
				A828B46B1BB631A600A80BEF /* Main.storyboard in Resources */,
			);
			runOnlyForDeploymentPostprocessing = 0;
		};
		A828B4741BB631A600A80BEF /* Resources */ = {
			isa = PBXResourcesBuildPhase;
			buildActionMask = 2147483647;
			files = (
			);
			runOnlyForDeploymentPostprocessing = 0;
		};
		A828B47F1BB631A600A80BEF /* Resources */ = {
			isa = PBXResourcesBuildPhase;
			buildActionMask = 2147483647;
			files = (
			);
			runOnlyForDeploymentPostprocessing = 0;
		};
/* End PBXResourcesBuildPhase section */

/* Begin PBXShellScriptBuildPhase section */
		4F1608BB91D722CCACDDBE4B /* Copy Pods Resources */ = {
			isa = PBXShellScriptBuildPhase;
			buildActionMask = 2147483647;
			files = (
			);
			inputPaths = (
			);
			name = "Copy Pods Resources";
			outputPaths = (
			);
			runOnlyForDeploymentPostprocessing = 0;
			shellPath = /bin/sh;
			shellScript = "\"${SRCROOT}/Pods/Target Support Files/Pods-Async/Pods-Async-resources.sh\"\n";
			showEnvVarsInLog = 0;
		};
		D0A6F13A602F84F4AD94E6F7 /* Check Pods Manifest.lock */ = {
			isa = PBXShellScriptBuildPhase;
			buildActionMask = 2147483647;
			files = (
			);
			inputPaths = (
			);
			name = "Check Pods Manifest.lock";
			outputPaths = (
			);
			runOnlyForDeploymentPostprocessing = 0;
			shellPath = /bin/sh;
			shellScript = "diff \"${PODS_ROOT}/../Podfile.lock\" \"${PODS_ROOT}/Manifest.lock\" > /dev/null\nif [[ $? != 0 ]] ; then\n    cat << EOM\nerror: The sandbox is not in sync with the Podfile.lock. Run 'pod install' or update your CocoaPods installation.\nEOM\n    exit 1\nfi\n";
			showEnvVarsInLog = 0;
		};
/* End PBXShellScriptBuildPhase section */

/* Begin PBXSourcesBuildPhase section */
		A828B45E1BB631A600A80BEF /* Sources */ = {
			isa = PBXSourcesBuildPhase;
			buildActionMask = 2147483647;
			files = (
				8FCE18F81BB75EED00992FAF /* asChatViewController.swift in Sources */,
				A828B49F1BB671FB00A80BEF /* asSwipeViewController.swift in Sources */,
				A828B49E1BB671FB00A80BEF /* OverlayView.swift in Sources */,
				A828B49C1BB671FB00A80BEF /* DraggableView.swift in Sources */,
				A89288781BB7551C004B7D87 /* SwiftyJSON.swift in Sources */,
				8F45A43D1BB7C4E800AB17F8 /* extensions.swift in Sources */,
				8FC4720E1BB6512300B85D3B /* asIdeaDescription.swift in Sources */,
				8F0E7E2D1BB7281B00780E05 /* asNetworking.swift in Sources */,
				A828B4941BB6335500A80BEF /* asLogin.swift in Sources */,
				A828B4681BB631A600A80BEF /* asHackSelection.swift in Sources */,
				A828B49D1BB671FB00A80BEF /* DraggableViewBackground.swift in Sources */,
				8FCE18F61BB75EC700992FAF /* asSettingsViewController.swift in Sources */,
				A828B4961BB63EA600A80BEF /* asHackCell.swift in Sources */,
				A828B4661BB631A600A80BEF /* AppDelegate.swift in Sources */,
				8FC4720C1BB6478F00B85D3B /* asModeSelection.swift in Sources */,
			);
			runOnlyForDeploymentPostprocessing = 0;
		};
		A828B4721BB631A600A80BEF /* Sources */ = {
			isa = PBXSourcesBuildPhase;
			buildActionMask = 2147483647;
			files = (
				A828B47B1BB631A600A80BEF /* AsyncTests.swift in Sources */,
			);
			runOnlyForDeploymentPostprocessing = 0;
		};
		A828B47D1BB631A600A80BEF /* Sources */ = {
			isa = PBXSourcesBuildPhase;
			buildActionMask = 2147483647;
			files = (
				A828B4861BB631A600A80BEF /* AsyncUITests.swift in Sources */,
			);
			runOnlyForDeploymentPostprocessing = 0;
		};
/* End PBXSourcesBuildPhase section */

/* Begin PBXTargetDependency section */
		A828B4781BB631A600A80BEF /* PBXTargetDependency */ = {
			isa = PBXTargetDependency;
			target = A828B4611BB631A600A80BEF /* Async */;
			targetProxy = A828B4771BB631A600A80BEF /* PBXContainerItemProxy */;
		};
		A828B4831BB631A600A80BEF /* PBXTargetDependency */ = {
			isa = PBXTargetDependency;
			target = A828B4611BB631A600A80BEF /* Async */;
			targetProxy = A828B4821BB631A600A80BEF /* PBXContainerItemProxy */;
		};
/* End PBXTargetDependency section */

/* Begin PBXVariantGroup section */
		A828B4691BB631A600A80BEF /* Main.storyboard */ = {
			isa = PBXVariantGroup;
			children = (
				A828B46A1BB631A600A80BEF /* Base */,
			);
			name = Main.storyboard;
			sourceTree = "<group>";
		};
		A828B46E1BB631A600A80BEF /* LaunchScreen.storyboard */ = {
			isa = PBXVariantGroup;
			children = (
				A828B46F1BB631A600A80BEF /* Base */,
			);
			name = LaunchScreen.storyboard;
			sourceTree = "<group>";
		};
/* End PBXVariantGroup section */

/* Begin XCBuildConfiguration section */
		A828B4881BB631A600A80BEF /* Debug */ = {
			isa = XCBuildConfiguration;
			buildSettings = {
				ALWAYS_SEARCH_USER_PATHS = NO;
				CLANG_CXX_LANGUAGE_STANDARD = "gnu++0x";
				CLANG_CXX_LIBRARY = "libc++";
				CLANG_ENABLE_MODULES = YES;
				CLANG_ENABLE_OBJC_ARC = YES;
				CLANG_WARN_BOOL_CONVERSION = YES;
				CLANG_WARN_CONSTANT_CONVERSION = YES;
				CLANG_WARN_DIRECT_OBJC_ISA_USAGE = YES_ERROR;
				CLANG_WARN_EMPTY_BODY = YES;
				CLANG_WARN_ENUM_CONVERSION = YES;
				CLANG_WARN_INT_CONVERSION = YES;
				CLANG_WARN_OBJC_ROOT_CLASS = YES_ERROR;
				CLANG_WARN_UNREACHABLE_CODE = YES;
				CLANG_WARN__DUPLICATE_METHOD_MATCH = YES;
				"CODE_SIGN_IDENTITY[sdk=iphoneos*]" = "iPhone Developer";
				COPY_PHASE_STRIP = NO;
				DEBUG_INFORMATION_FORMAT = dwarf;
				ENABLE_STRICT_OBJC_MSGSEND = YES;
				ENABLE_TESTABILITY = YES;
				GCC_C_LANGUAGE_STANDARD = gnu99;
				GCC_DYNAMIC_NO_PIC = NO;
				GCC_NO_COMMON_BLOCKS = YES;
				GCC_OPTIMIZATION_LEVEL = 0;
				GCC_PREPROCESSOR_DEFINITIONS = (
					"DEBUG=1",
					"$(inherited)",
				);
				GCC_WARN_64_TO_32_BIT_CONVERSION = YES;
				GCC_WARN_ABOUT_RETURN_TYPE = YES_ERROR;
				GCC_WARN_UNDECLARED_SELECTOR = YES;
				GCC_WARN_UNINITIALIZED_AUTOS = YES_AGGRESSIVE;
				GCC_WARN_UNUSED_FUNCTION = YES;
				GCC_WARN_UNUSED_VARIABLE = YES;
				IPHONEOS_DEPLOYMENT_TARGET = 9.0;
				MTL_ENABLE_DEBUG_INFO = YES;
				ONLY_ACTIVE_ARCH = YES;
				SDKROOT = iphoneos;
				SWIFT_OPTIMIZATION_LEVEL = "-Onone";
			};
			name = Debug;
		};
		A828B4891BB631A600A80BEF /* Release */ = {
			isa = XCBuildConfiguration;
			buildSettings = {
				ALWAYS_SEARCH_USER_PATHS = NO;
				CLANG_CXX_LANGUAGE_STANDARD = "gnu++0x";
				CLANG_CXX_LIBRARY = "libc++";
				CLANG_ENABLE_MODULES = YES;
				CLANG_ENABLE_OBJC_ARC = YES;
				CLANG_WARN_BOOL_CONVERSION = YES;
				CLANG_WARN_CONSTANT_CONVERSION = YES;
				CLANG_WARN_DIRECT_OBJC_ISA_USAGE = YES_ERROR;
				CLANG_WARN_EMPTY_BODY = YES;
				CLANG_WARN_ENUM_CONVERSION = YES;
				CLANG_WARN_INT_CONVERSION = YES;
				CLANG_WARN_OBJC_ROOT_CLASS = YES_ERROR;
				CLANG_WARN_UNREACHABLE_CODE = YES;
				CLANG_WARN__DUPLICATE_METHOD_MATCH = YES;
				"CODE_SIGN_IDENTITY[sdk=iphoneos*]" = "iPhone Developer";
				COPY_PHASE_STRIP = NO;
				DEBUG_INFORMATION_FORMAT = "dwarf-with-dsym";
				ENABLE_NS_ASSERTIONS = NO;
				ENABLE_STRICT_OBJC_MSGSEND = YES;
				GCC_C_LANGUAGE_STANDARD = gnu99;
				GCC_NO_COMMON_BLOCKS = YES;
				GCC_WARN_64_TO_32_BIT_CONVERSION = YES;
				GCC_WARN_ABOUT_RETURN_TYPE = YES_ERROR;
				GCC_WARN_UNDECLARED_SELECTOR = YES;
				GCC_WARN_UNINITIALIZED_AUTOS = YES_AGGRESSIVE;
				GCC_WARN_UNUSED_FUNCTION = YES;
				GCC_WARN_UNUSED_VARIABLE = YES;
				IPHONEOS_DEPLOYMENT_TARGET = 9.0;
				MTL_ENABLE_DEBUG_INFO = NO;
				SDKROOT = iphoneos;
				VALIDATE_PRODUCT = YES;
			};
			name = Release;
		};
		A828B48B1BB631A600A80BEF /* Debug */ = {
			isa = XCBuildConfiguration;
			baseConfigurationReference = 6BAA67A46F828572E7D5AA95 /* Pods-Async.debug.xcconfig */;
			buildSettings = {
				ASSETCATALOG_COMPILER_APPICON_NAME = AppIcon;
				CODE_SIGN_IDENTITY = "iPhone Developer";
				"CODE_SIGN_IDENTITY[sdk=iphoneos*]" = "iPhone Developer";
				INFOPLIST_FILE = Async/Info.plist;
				LD_RUNPATH_SEARCH_PATHS = "$(inherited) @executable_path/Frameworks";
				PRODUCT_BUNDLE_IDENTIFIER = HAM.Async;
				PRODUCT_NAME = "$(TARGET_NAME)";
				PROVISIONING_PROFILE = "";
				SWIFT_OBJC_BRIDGING_HEADER = "Async/Bridging-Header.h";
			};
			name = Debug;
		};
		A828B48C1BB631A600A80BEF /* Release */ = {
			isa = XCBuildConfiguration;
			baseConfigurationReference = 3398FF8BC5794B11A7706852 /* Pods-Async.release.xcconfig */;
			buildSettings = {
				ASSETCATALOG_COMPILER_APPICON_NAME = AppIcon;
				CODE_SIGN_IDENTITY = "iPhone Developer";
				"CODE_SIGN_IDENTITY[sdk=iphoneos*]" = "iPhone Developer";
				INFOPLIST_FILE = Async/Info.plist;
				LD_RUNPATH_SEARCH_PATHS = "$(inherited) @executable_path/Frameworks";
				PRODUCT_BUNDLE_IDENTIFIER = HAM.Async;
				PRODUCT_NAME = "$(TARGET_NAME)";
				PROVISIONING_PROFILE = "";
				SWIFT_OBJC_BRIDGING_HEADER = "Async/Bridging-Header.h";
			};
			name = Release;
		};
		A828B48E1BB631A600A80BEF /* Debug */ = {
			isa = XCBuildConfiguration;
			buildSettings = {
				BUNDLE_LOADER = "$(TEST_HOST)";
				INFOPLIST_FILE = AsyncTests/Info.plist;
				LD_RUNPATH_SEARCH_PATHS = "$(inherited) @executable_path/Frameworks @loader_path/Frameworks";
				PRODUCT_BUNDLE_IDENTIFIER = HAM.AsyncTests;
				PRODUCT_NAME = "$(TARGET_NAME)";
				TEST_HOST = "$(BUILT_PRODUCTS_DIR)/Async.app/Async";
			};
			name = Debug;
		};
		A828B48F1BB631A600A80BEF /* Release */ = {
			isa = XCBuildConfiguration;
			buildSettings = {
				BUNDLE_LOADER = "$(TEST_HOST)";
				INFOPLIST_FILE = AsyncTests/Info.plist;
				LD_RUNPATH_SEARCH_PATHS = "$(inherited) @executable_path/Frameworks @loader_path/Frameworks";
				PRODUCT_BUNDLE_IDENTIFIER = HAM.AsyncTests;
				PRODUCT_NAME = "$(TARGET_NAME)";
				TEST_HOST = "$(BUILT_PRODUCTS_DIR)/Async.app/Async";
			};
			name = Release;
		};
		A828B4911BB631A600A80BEF /* Debug */ = {
			isa = XCBuildConfiguration;
			buildSettings = {
				INFOPLIST_FILE = AsyncUITests/Info.plist;
				LD_RUNPATH_SEARCH_PATHS = "$(inherited) @executable_path/Frameworks @loader_path/Frameworks";
				PRODUCT_BUNDLE_IDENTIFIER = HAM.AsyncUITests;
				PRODUCT_NAME = "$(TARGET_NAME)";
				TEST_TARGET_NAME = Async;
				USES_XCTRUNNER = YES;
			};
			name = Debug;
		};
		A828B4921BB631A600A80BEF /* Release */ = {
			isa = XCBuildConfiguration;
			buildSettings = {
				INFOPLIST_FILE = AsyncUITests/Info.plist;
				LD_RUNPATH_SEARCH_PATHS = "$(inherited) @executable_path/Frameworks @loader_path/Frameworks";
				PRODUCT_BUNDLE_IDENTIFIER = HAM.AsyncUITests;
				PRODUCT_NAME = "$(TARGET_NAME)";
				TEST_TARGET_NAME = Async;
				USES_XCTRUNNER = YES;
			};
			name = Release;
		};
/* End XCBuildConfiguration section */

/* Begin XCConfigurationList section */
		A828B45D1BB631A600A80BEF /* Build configuration list for PBXProject "Async" */ = {
			isa = XCConfigurationList;
			buildConfigurations = (
				A828B4881BB631A600A80BEF /* Debug */,
				A828B4891BB631A600A80BEF /* Release */,
			);
			defaultConfigurationIsVisible = 0;
			defaultConfigurationName = Release;
		};
		A828B48A1BB631A600A80BEF /* Build configuration list for PBXNativeTarget "Async" */ = {
			isa = XCConfigurationList;
			buildConfigurations = (
				A828B48B1BB631A600A80BEF /* Debug */,
				A828B48C1BB631A600A80BEF /* Release */,
			);
			defaultConfigurationIsVisible = 0;
			defaultConfigurationName = Release;
		};
		A828B48D1BB631A600A80BEF /* Build configuration list for PBXNativeTarget "AsyncTests" */ = {
			isa = XCConfigurationList;
			buildConfigurations = (
				A828B48E1BB631A600A80BEF /* Debug */,
				A828B48F1BB631A600A80BEF /* Release */,
			);
			defaultConfigurationIsVisible = 0;
			defaultConfigurationName = Release;
		};
		A828B4901BB631A600A80BEF /* Build configuration list for PBXNativeTarget "AsyncUITests" */ = {
			isa = XCConfigurationList;
			buildConfigurations = (
				A828B4911BB631A600A80BEF /* Debug */,
				A828B4921BB631A600A80BEF /* Release */,
			);
			defaultConfigurationIsVisible = 0;
			defaultConfigurationName = Release;
		};
/* End XCConfigurationList section */
	};
	rootObject = A828B45A1BB631A600A80BEF /* Project object */;
}
